
Microsoft Visual Studio Solution File, Format Version 12.00
# Visual Studio Version 17
VisualStudioVersion = 17.4.32804.182
MinimumVisualStudioVersion = 10.0.40219.1
Project("{2150E333-8FDC-42A3-9474-1A3956D46DE8}") = "PollyTutorial", "PollyTutorial", "{7270AD69-F360-4495-B3C0-DA998F531C57}"
EndProject
Project("{9A19103F-16F7-4668-BE54-9A1E7A4F7556}") = "PollyTutorial", "PollyTutorial\PollyTutorial.csproj", "{35F0018D-5757-4A47-89B5-055DCBAAA007}"
EndProject
Project("{2150E333-8FDC-42A3-9474-1A3956D46DE8}") = "FeatureDemo", "FeatureDemo", "{3AECF7C3-3C50-474A-854D-90EAE2F23617}"
EndProject
Project("{9A19103F-16F7-4668-BE54-9A1E7A4F7556}") = "FeatureDemo", "FeatureDemo\FeatureDemo.csproj", "{0857429F-341A-4197-A8CC-955A6B5F82B7}"
EndProject
Project("{2150E333-8FDC-42A3-9474-1A3956D46DE8}") = "BenchmarkDemo", "BenchmarkDemo", "{6FBC2B60-C417-4256-B672-5627B6DBE235}"
EndProject
Project("{9A19103F-16F7-4668-BE54-9A1E7A4F7556}") = "BenchmarkDemo", "BenchmarkDemo\BenchmarkDemo.csproj", "{A2119D6D-CAD1-45D8-9543-B3179BC27429}"
EndProject
Project("{2150E333-8FDC-42A3-9474-1A3956D46DE8}") = "DesignPatterns", "DesignPatterns", "{752B0B30-B55B-4405-B056-C2897DBABFE9}"
EndProject
Project("{2150E333-8FDC-42A3-9474-1A3956D46DE8}") = "Creational", "Creational", "{682CB008-39F4-43D0-9B62-D68ADB5B5428}"
EndProject
Project("{2150E333-8FDC-42A3-9474-1A3956D46DE8}") = "Factory", "Factory", "{31468D44-5835-4F26-B946-25CE9678C248}"
EndProject
Project("{9A19103F-16F7-4668-BE54-9A1E7A4F7556}") = "AbstractFactory", "Factory\AbstractFactory\AbstractFactory.csproj", "{EDF264AD-F80E-4BFD-BC66-BD812387B1F6}"
EndProject
Project("{9A19103F-16F7-4668-BE54-9A1E7A4F7556}") = "Factory", "Factory\Factory\Factory.csproj", "{EA912963-904E-41BD-BDE6-3C1F1ABD90A9}"
EndProject
Project("{9A19103F-16F7-4668-BE54-9A1E7A4F7556}") = "FactoryMethod", "Factory\FactoryMethod\FactoryMethod.csproj", "{89B51929-AE4A-4841-954D-372C3485BCEE}"
EndProject
Project("{9A19103F-16F7-4668-BE54-9A1E7A4F7556}") = "Test", "Factory\Test\Test.csproj", "{2B2BDEBB-A450-4D5E-8B7C-16E806AB053B}"
EndProject
Project("{2150E333-8FDC-42A3-9474-1A3956D46DE8}") = "AsyncWork", "AsyncWork", "{27B9B16E-2E6A-40B2-85C8-CC32D215E4FB}"
EndProject
Project("{9A19103F-16F7-4668-BE54-9A1E7A4F7556}") = "AsyncWork", "AsyncWork\AsyncWork.csproj", "{B846C661-554D-4074-AE64-BFF4FAEC2F0E}"
EndProject
Project("{2150E333-8FDC-42A3-9474-1A3956D46DE8}") = "Solution Items", "Solution Items", "{4DB3AC1F-92A9-415C-A2A5-CB5F0317CBF0}"
	ProjectSection(SolutionItems) = preProject
		.editorconfig = .editorconfig
	EndProjectSection
EndProject
Project("{2150E333-8FDC-42A3-9474-1A3956D46DE8}") = "EventBus", "EventBus", "{EED90913-BF5B-4C93-9AAE-E9F3F11D95F7}"
EndProject
Project("{9A19103F-16F7-4668-BE54-9A1E7A4F7556}") = "EventBus", "EventBus\EventBus.csproj", "{0E089B27-D18B-4C9A-8289-7126B6620553}"
EndProject
Project("{2150E333-8FDC-42A3-9474-1A3956D46DE8}") = "Utilities", "Utilities", "{FA964EDC-3586-4595-8AC1-8DF25D078B19}"
EndProject
Project("{9A19103F-16F7-4668-BE54-9A1E7A4F7556}") = "Utilities", "Utilities\Utilities.csproj", "{5ABEA29C-7929-4AAF-B845-D59ABD631EDE}"
EndProject
Project("{2150E333-8FDC-42A3-9474-1A3956D46DE8}") = "Builder", "Builder", "{633E8AC3-44B0-4917-BE62-9DB4DCB0353A}"
EndProject
Project("{9A19103F-16F7-4668-BE54-9A1E7A4F7556}") = "BuilderWithInheritance", "Builder\BuilderWithInheritance\BuilderWithInheritance.csproj", "{AFC8A609-194B-4F2E-B950-92CCFFBF2E7D}"
EndProject
Project("{9A19103F-16F7-4668-BE54-9A1E7A4F7556}") = "FunctionalBuilder", "Builder\FunctionalBuilder\FunctionalBuilder.csproj", "{95C7AA85-D94F-429D-A23A-82531B3A7B2D}"
EndProject
Project("{9A19103F-16F7-4668-BE54-9A1E7A4F7556}") = "BuilderParameter", "Builder\BuilderParameter\BuilderParameter.csproj", "{51CFC7DD-CFBA-44A5-B575-6F5A83F1327E}"
EndProject
Project("{2150E333-8FDC-42A3-9474-1A3956D46DE8}") = "Prototype", "Prototype", "{B8B99AF3-75BC-47C9-83E0-0825EB179BF1}"
EndProject
Project("{9A19103F-16F7-4668-BE54-9A1E7A4F7556}") = "PrototypeFactory", "Prototype\PrototypeFactory\PrototypeFactory.csproj", "{82DA032A-68F7-41A6-99B1-78D664930A38}"
EndProject
Project("{2150E333-8FDC-42A3-9474-1A3956D46DE8}") = "Singleton", "Singleton", "{8CCE9B1A-802E-471A-B3F4-BEBFE7188FA5}"
EndProject
Project("{9A19103F-16F7-4668-BE54-9A1E7A4F7556}") = "Singleton", "Singleton\Singleton.csproj", "{D28B47CD-58FB-44C7-ACD3-C1280BE4DEF9}"
EndProject
Project("{2150E333-8FDC-42A3-9474-1A3956D46DE8}") = "Multiton", "Multiton", "{4C9EAB5B-67D3-4DDB-917A-38570340C9D2}"
EndProject
Project("{9A19103F-16F7-4668-BE54-9A1E7A4F7556}") = "Multiton", "Multiton\Multiton.csproj", "{20D8B197-A872-453A-94FF-DEA6F4EDE74A}"
EndProject
Project("{2150E333-8FDC-42A3-9474-1A3956D46DE8}") = "Monostate - do not use", "Monostate - do not use", "{55C1F7D2-D750-47A5-B3E1-5ED29AD6F998}"
EndProject
Project("{9A19103F-16F7-4668-BE54-9A1E7A4F7556}") = "Monostate", "Monostate\Monostate.csproj", "{F020DCF6-30EB-4914-BB62-8EED83AD5D13}"
EndProject
Project("{2150E333-8FDC-42A3-9474-1A3956D46DE8}") = "Adapter", "Adapter", "{B770C449-A62F-48CF-AEDE-B7E1DFB02818}"
EndProject
Project("{9A19103F-16F7-4668-BE54-9A1E7A4F7556}") = "AdapterNoCaching", "AdapterNoCaching\AdapterNoCaching.csproj", "{C4E83A60-92EE-499B-9597-559979ACB16C}"
EndProject
Project("{9A19103F-16F7-4668-BE54-9A1E7A4F7556}") = "AdapterWithCaching", "AdapterWithCaching\AdapterWithCaching.csproj", "{D5FDAFC6-BA06-4770-BF74-3B36119C87EC}"
EndProject
Project("{FAE04EC0-301F-11D3-BF4B-00C04F79EFBC}") = "AdapterAutofac", "AdapterAutofac\AdapterAutofac.csproj", "{1B549F31-537E-47EF-90D0-969E433BB1CC}"
EndProject
Project("{FAE04EC0-301F-11D3-BF4B-00C04F79EFBC}") = "AdapterForNumericGenericWithRecursiveGeneric", "AdapterForNumericGenericWithRecursiveGeneric\AdapterForNumericGenericWithRecursiveGeneric.csproj", "{10969F0B-F566-46F1-BE47-01CE075DC2CD}"
EndProject
Global
	GlobalSection(SolutionConfigurationPlatforms) = preSolution
		Debug|Any CPU = Debug|Any CPU
		Release|Any CPU = Release|Any CPU
	EndGlobalSection
	GlobalSection(ProjectConfigurationPlatforms) = postSolution
		{35F0018D-5757-4A47-89B5-055DCBAAA007}.Debug|Any CPU.ActiveCfg = Debug|Any CPU
		{35F0018D-5757-4A47-89B5-055DCBAAA007}.Debug|Any CPU.Build.0 = Debug|Any CPU
		{35F0018D-5757-4A47-89B5-055DCBAAA007}.Release|Any CPU.ActiveCfg = Release|Any CPU
		{35F0018D-5757-4A47-89B5-055DCBAAA007}.Release|Any CPU.Build.0 = Release|Any CPU
		{0857429F-341A-4197-A8CC-955A6B5F82B7}.Debug|Any CPU.ActiveCfg = Debug|Any CPU
		{0857429F-341A-4197-A8CC-955A6B5F82B7}.Debug|Any CPU.Build.0 = Debug|Any CPU
		{0857429F-341A-4197-A8CC-955A6B5F82B7}.Release|Any CPU.ActiveCfg = Release|Any CPU
		{0857429F-341A-4197-A8CC-955A6B5F82B7}.Release|Any CPU.Build.0 = Release|Any CPU
		{A2119D6D-CAD1-45D8-9543-B3179BC27429}.Debug|Any CPU.ActiveCfg = Debug|Any CPU
		{A2119D6D-CAD1-45D8-9543-B3179BC27429}.Debug|Any CPU.Build.0 = Debug|Any CPU
		{A2119D6D-CAD1-45D8-9543-B3179BC27429}.Release|Any CPU.ActiveCfg = Release|Any CPU
		{A2119D6D-CAD1-45D8-9543-B3179BC27429}.Release|Any CPU.Build.0 = Release|Any CPU
		{EDF264AD-F80E-4BFD-BC66-BD812387B1F6}.Debug|Any CPU.ActiveCfg = Debug|Any CPU
		{EDF264AD-F80E-4BFD-BC66-BD812387B1F6}.Debug|Any CPU.Build.0 = Debug|Any CPU
		{EDF264AD-F80E-4BFD-BC66-BD812387B1F6}.Release|Any CPU.ActiveCfg = Release|Any CPU
		{EDF264AD-F80E-4BFD-BC66-BD812387B1F6}.Release|Any CPU.Build.0 = Release|Any CPU
		{EA912963-904E-41BD-BDE6-3C1F1ABD90A9}.Debug|Any CPU.ActiveCfg = Debug|Any CPU
		{EA912963-904E-41BD-BDE6-3C1F1ABD90A9}.Debug|Any CPU.Build.0 = Debug|Any CPU
		{EA912963-904E-41BD-BDE6-3C1F1ABD90A9}.Release|Any CPU.ActiveCfg = Release|Any CPU
		{EA912963-904E-41BD-BDE6-3C1F1ABD90A9}.Release|Any CPU.Build.0 = Release|Any CPU
		{89B51929-AE4A-4841-954D-372C3485BCEE}.Debug|Any CPU.ActiveCfg = Debug|Any CPU
		{89B51929-AE4A-4841-954D-372C3485BCEE}.Debug|Any CPU.Build.0 = Debug|Any CPU
		{89B51929-AE4A-4841-954D-372C3485BCEE}.Release|Any CPU.ActiveCfg = Release|Any CPU
		{89B51929-AE4A-4841-954D-372C3485BCEE}.Release|Any CPU.Build.0 = Release|Any CPU
		{2B2BDEBB-A450-4D5E-8B7C-16E806AB053B}.Debug|Any CPU.ActiveCfg = Debug|Any CPU
		{2B2BDEBB-A450-4D5E-8B7C-16E806AB053B}.Debug|Any CPU.Build.0 = Debug|Any CPU
		{2B2BDEBB-A450-4D5E-8B7C-16E806AB053B}.Release|Any CPU.ActiveCfg = Release|Any CPU
		{2B2BDEBB-A450-4D5E-8B7C-16E806AB053B}.Release|Any CPU.Build.0 = Release|Any CPU
		{B846C661-554D-4074-AE64-BFF4FAEC2F0E}.Debug|Any CPU.ActiveCfg = Debug|Any CPU
		{B846C661-554D-4074-AE64-BFF4FAEC2F0E}.Debug|Any CPU.Build.0 = Debug|Any CPU
		{B846C661-554D-4074-AE64-BFF4FAEC2F0E}.Release|Any CPU.ActiveCfg = Release|Any CPU
		{B846C661-554D-4074-AE64-BFF4FAEC2F0E}.Release|Any CPU.Build.0 = Release|Any CPU
		{0E089B27-D18B-4C9A-8289-7126B6620553}.Debug|Any CPU.ActiveCfg = Debug|Any CPU
		{0E089B27-D18B-4C9A-8289-7126B6620553}.Debug|Any CPU.Build.0 = Debug|Any CPU
		{0E089B27-D18B-4C9A-8289-7126B6620553}.Release|Any CPU.ActiveCfg = Release|Any CPU
		{0E089B27-D18B-4C9A-8289-7126B6620553}.Release|Any CPU.Build.0 = Release|Any CPU
		{5ABEA29C-7929-4AAF-B845-D59ABD631EDE}.Debug|Any CPU.ActiveCfg = Debug|Any CPU
		{5ABEA29C-7929-4AAF-B845-D59ABD631EDE}.Debug|Any CPU.Build.0 = Debug|Any CPU
		{5ABEA29C-7929-4AAF-B845-D59ABD631EDE}.Release|Any CPU.ActiveCfg = Release|Any CPU
		{5ABEA29C-7929-4AAF-B845-D59ABD631EDE}.Release|Any CPU.Build.0 = Release|Any CPU
		{AFC8A609-194B-4F2E-B950-92CCFFBF2E7D}.Debug|Any CPU.ActiveCfg = Debug|Any CPU
		{AFC8A609-194B-4F2E-B950-92CCFFBF2E7D}.Debug|Any CPU.Build.0 = Debug|Any CPU
		{AFC8A609-194B-4F2E-B950-92CCFFBF2E7D}.Release|Any CPU.ActiveCfg = Release|Any CPU
		{AFC8A609-194B-4F2E-B950-92CCFFBF2E7D}.Release|Any CPU.Build.0 = Release|Any CPU
		{95C7AA85-D94F-429D-A23A-82531B3A7B2D}.Debug|Any CPU.ActiveCfg = Debug|Any CPU
		{95C7AA85-D94F-429D-A23A-82531B3A7B2D}.Debug|Any CPU.Build.0 = Debug|Any CPU
		{95C7AA85-D94F-429D-A23A-82531B3A7B2D}.Release|Any CPU.ActiveCfg = Release|Any CPU
		{95C7AA85-D94F-429D-A23A-82531B3A7B2D}.Release|Any CPU.Build.0 = Release|Any CPU
		{51CFC7DD-CFBA-44A5-B575-6F5A83F1327E}.Debug|Any CPU.ActiveCfg = Debug|Any CPU
		{51CFC7DD-CFBA-44A5-B575-6F5A83F1327E}.Debug|Any CPU.Build.0 = Debug|Any CPU
		{51CFC7DD-CFBA-44A5-B575-6F5A83F1327E}.Release|Any CPU.ActiveCfg = Release|Any CPU
		{51CFC7DD-CFBA-44A5-B575-6F5A83F1327E}.Release|Any CPU.Build.0 = Release|Any CPU
		{82DA032A-68F7-41A6-99B1-78D664930A38}.Debug|Any CPU.ActiveCfg = Debug|Any CPU
		{82DA032A-68F7-41A6-99B1-78D664930A38}.Debug|Any CPU.Build.0 = Debug|Any CPU
		{82DA032A-68F7-41A6-99B1-78D664930A38}.Release|Any CPU.ActiveCfg = Release|Any CPU
		{82DA032A-68F7-41A6-99B1-78D664930A38}.Release|Any CPU.Build.0 = Release|Any CPU
		{D28B47CD-58FB-44C7-ACD3-C1280BE4DEF9}.Debug|Any CPU.ActiveCfg = Debug|Any CPU
		{D28B47CD-58FB-44C7-ACD3-C1280BE4DEF9}.Debug|Any CPU.Build.0 = Debug|Any CPU
		{D28B47CD-58FB-44C7-ACD3-C1280BE4DEF9}.Release|Any CPU.ActiveCfg = Release|Any CPU
		{D28B47CD-58FB-44C7-ACD3-C1280BE4DEF9}.Release|Any CPU.Build.0 = Release|Any CPU
		{20D8B197-A872-453A-94FF-DEA6F4EDE74A}.Debug|Any CPU.ActiveCfg = Debug|Any CPU
		{20D8B197-A872-453A-94FF-DEA6F4EDE74A}.Debug|Any CPU.Build.0 = Debug|Any CPU
		{20D8B197-A872-453A-94FF-DEA6F4EDE74A}.Release|Any CPU.ActiveCfg = Release|Any CPU
		{20D8B197-A872-453A-94FF-DEA6F4EDE74A}.Release|Any CPU.Build.0 = Release|Any CPU
		{F020DCF6-30EB-4914-BB62-8EED83AD5D13}.Debug|Any CPU.ActiveCfg = Debug|Any CPU
		{F020DCF6-30EB-4914-BB62-8EED83AD5D13}.Debug|Any CPU.Build.0 = Debug|Any CPU
		{F020DCF6-30EB-4914-BB62-8EED83AD5D13}.Release|Any CPU.ActiveCfg = Release|Any CPU
		{F020DCF6-30EB-4914-BB62-8EED83AD5D13}.Release|Any CPU.Build.0 = Release|Any CPU
		{C4E83A60-92EE-499B-9597-559979ACB16C}.Debug|Any CPU.ActiveCfg = Debug|Any CPU
		{C4E83A60-92EE-499B-9597-559979ACB16C}.Debug|Any CPU.Build.0 = Debug|Any CPU
		{C4E83A60-92EE-499B-9597-559979ACB16C}.Release|Any CPU.ActiveCfg = Release|Any CPU
		{C4E83A60-92EE-499B-9597-559979ACB16C}.Release|Any CPU.Build.0 = Release|Any CPU
		{D5FDAFC6-BA06-4770-BF74-3B36119C87EC}.Debug|Any CPU.ActiveCfg = Debug|Any CPU
		{D5FDAFC6-BA06-4770-BF74-3B36119C87EC}.Debug|Any CPU.Build.0 = Debug|Any CPU
		{D5FDAFC6-BA06-4770-BF74-3B36119C87EC}.Release|Any CPU.ActiveCfg = Release|Any CPU
		{D5FDAFC6-BA06-4770-BF74-3B36119C87EC}.Release|Any CPU.Build.0 = Release|Any CPU
		{1B549F31-537E-47EF-90D0-969E433BB1CC}.Debug|Any CPU.ActiveCfg = Debug|Any CPU
		{1B549F31-537E-47EF-90D0-969E433BB1CC}.Debug|Any CPU.Build.0 = Debug|Any CPU
		{1B549F31-537E-47EF-90D0-969E433BB1CC}.Release|Any CPU.ActiveCfg = Release|Any CPU
		{1B549F31-537E-47EF-90D0-969E433BB1CC}.Release|Any CPU.Build.0 = Release|Any CPU
		{10969F0B-F566-46F1-BE47-01CE075DC2CD}.Debug|Any CPU.ActiveCfg = Debug|Any CPU
		{10969F0B-F566-46F1-BE47-01CE075DC2CD}.Debug|Any CPU.Build.0 = Debug|Any CPU
		{10969F0B-F566-46F1-BE47-01CE075DC2CD}.Release|Any CPU.ActiveCfg = Release|Any CPU
		{10969F0B-F566-46F1-BE47-01CE075DC2CD}.Release|Any CPU.Build.0 = Release|Any CPU
	EndGlobalSection
	GlobalSection(SolutionProperties) = preSolution
		HideSolutionNode = FALSE
	EndGlobalSection
	GlobalSection(NestedProjects) = preSolution
		{35F0018D-5757-4A47-89B5-055DCBAAA007} = {7270AD69-F360-4495-B3C0-DA998F531C57}
		{0857429F-341A-4197-A8CC-955A6B5F82B7} = {3AECF7C3-3C50-474A-854D-90EAE2F23617}
		{A2119D6D-CAD1-45D8-9543-B3179BC27429} = {6FBC2B60-C417-4256-B672-5627B6DBE235}
		{682CB008-39F4-43D0-9B62-D68ADB5B5428} = {752B0B30-B55B-4405-B056-C2897DBABFE9}
		{31468D44-5835-4F26-B946-25CE9678C248} = {682CB008-39F4-43D0-9B62-D68ADB5B5428}
		{EDF264AD-F80E-4BFD-BC66-BD812387B1F6} = {31468D44-5835-4F26-B946-25CE9678C248}
		{EA912963-904E-41BD-BDE6-3C1F1ABD90A9} = {31468D44-5835-4F26-B946-25CE9678C248}
		{89B51929-AE4A-4841-954D-372C3485BCEE} = {31468D44-5835-4F26-B946-25CE9678C248}
		{2B2BDEBB-A450-4D5E-8B7C-16E806AB053B} = {31468D44-5835-4F26-B946-25CE9678C248}
		{B846C661-554D-4074-AE64-BFF4FAEC2F0E} = {27B9B16E-2E6A-40B2-85C8-CC32D215E4FB}
		{0E089B27-D18B-4C9A-8289-7126B6620553} = {EED90913-BF5B-4C93-9AAE-E9F3F11D95F7}
		{5ABEA29C-7929-4AAF-B845-D59ABD631EDE} = {FA964EDC-3586-4595-8AC1-8DF25D078B19}
		{633E8AC3-44B0-4917-BE62-9DB4DCB0353A} = {682CB008-39F4-43D0-9B62-D68ADB5B5428}
		{AFC8A609-194B-4F2E-B950-92CCFFBF2E7D} = {633E8AC3-44B0-4917-BE62-9DB4DCB0353A}
		{95C7AA85-D94F-429D-A23A-82531B3A7B2D} = {633E8AC3-44B0-4917-BE62-9DB4DCB0353A}
		{51CFC7DD-CFBA-44A5-B575-6F5A83F1327E} = {633E8AC3-44B0-4917-BE62-9DB4DCB0353A}
		{B8B99AF3-75BC-47C9-83E0-0825EB179BF1} = {682CB008-39F4-43D0-9B62-D68ADB5B5428}
		{82DA032A-68F7-41A6-99B1-78D664930A38} = {B8B99AF3-75BC-47C9-83E0-0825EB179BF1}
		{8CCE9B1A-802E-471A-B3F4-BEBFE7188FA5} = {682CB008-39F4-43D0-9B62-D68ADB5B5428}
		{D28B47CD-58FB-44C7-ACD3-C1280BE4DEF9} = {8CCE9B1A-802E-471A-B3F4-BEBFE7188FA5}
		{4C9EAB5B-67D3-4DDB-917A-38570340C9D2} = {682CB008-39F4-43D0-9B62-D68ADB5B5428}
		{20D8B197-A872-453A-94FF-DEA6F4EDE74A} = {4C9EAB5B-67D3-4DDB-917A-38570340C9D2}
		{55C1F7D2-D750-47A5-B3E1-5ED29AD6F998} = {682CB008-39F4-43D0-9B62-D68ADB5B5428}
		{F020DCF6-30EB-4914-BB62-8EED83AD5D13} = {55C1F7D2-D750-47A5-B3E1-5ED29AD6F998}
		{B770C449-A62F-48CF-AEDE-B7E1DFB02818} = {682CB008-39F4-43D0-9B62-D68ADB5B5428}
		{C4E83A60-92EE-499B-9597-559979ACB16C} = {B770C449-A62F-48CF-AEDE-B7E1DFB02818}
		{D5FDAFC6-BA06-4770-BF74-3B36119C87EC} = {B770C449-A62F-48CF-AEDE-B7E1DFB02818}
		{1B549F31-537E-47EF-90D0-969E433BB1CC} = {B770C449-A62F-48CF-AEDE-B7E1DFB02818}
		{10969F0B-F566-46F1-BE47-01CE075DC2CD} = {B770C449-A62F-48CF-AEDE-B7E1DFB02818}
	EndGlobalSection
	GlobalSection(ExtensibilityGlobals) = postSolution
		SolutionGuid = {BEF2BF02-445D-472C-974F-71E483AE1FA3}
	EndGlobalSection
EndGlobal
