
Microsoft Visual Studio Solution File, Format Version 12.00
# Visual Studio Version 17
VisualStudioVersion = 17.1.31911.260
MinimumVisualStudioVersion = 10.0.40219.1
Project("{2150E333-8FDC-42A3-9474-1A3956D46DE8}") = "PollyTutorial", "PollyTutorial", "{7270AD69-F360-4495-B3C0-DA998F531C57}"
EndProject
Project("{9A19103F-16F7-4668-BE54-9A1E7A4F7556}") = "PollyTutorial", "PollyTutorial\PollyTutorial.csproj", "{35F0018D-5757-4A47-89B5-055DCBAAA007}"
EndProject
Project("{2150E333-8FDC-42A3-9474-1A3956D46DE8}") = "FeatureDemo", "FeatureDemo", "{3AECF7C3-3C50-474A-854D-90EAE2F23617}"
EndProject
Project("{9A19103F-16F7-4668-BE54-9A1E7A4F7556}") = "FeatureDemo", "FeatureDemo\FeatureDemo.csproj", "{0857429F-341A-4197-A8CC-955A6B5F82B7}"
EndProject
Project("{2150E333-8FDC-42A3-9474-1A3956D46DE8}") = "BenchmarkDemo", "BenchmarkDemo", "{6FBC2B60-C417-4256-B672-5627B6DBE235}"
EndProject
Project("{9A19103F-16F7-4668-BE54-9A1E7A4F7556}") = "BenchmarkDemo", "BenchmarkDemo\BenchmarkDemo.csproj", "{A2119D6D-CAD1-45D8-9543-B3179BC27429}"
EndProject
Project("{2150E333-8FDC-42A3-9474-1A3956D46DE8}") = "DesignPatterns", "DesignPatterns", "{752B0B30-B55B-4405-B056-C2897DBABFE9}"
EndProject
Project("{2150E333-8FDC-42A3-9474-1A3956D46DE8}") = "Creational", "Creational", "{682CB008-39F4-43D0-9B62-D68ADB5B5428}"
EndProject
Project("{2150E333-8FDC-42A3-9474-1A3956D46DE8}") = "Factory", "Factory", "{31468D44-5835-4F26-B946-25CE9678C248}"
EndProject
Project("{9A19103F-16F7-4668-BE54-9A1E7A4F7556}") = "AbstractFactory", "Factory\AbstractFactory\AbstractFactory.csproj", "{EDF264AD-F80E-4BFD-BC66-BD812387B1F6}"
EndProject
Project("{9A19103F-16F7-4668-BE54-9A1E7A4F7556}") = "Factory", "Factory\Factory\Factory.csproj", "{EA912963-904E-41BD-BDE6-3C1F1ABD90A9}"
EndProject
Project("{9A19103F-16F7-4668-BE54-9A1E7A4F7556}") = "FactoryMethod", "Factory\FactoryMethod\FactoryMethod.csproj", "{89B51929-AE4A-4841-954D-372C3485BCEE}"
EndProject
Project("{9A19103F-16F7-4668-BE54-9A1E7A4F7556}") = "Test", "Factory\Test\Test.csproj", "{2B2BDEBB-A450-4D5E-8B7C-16E806AB053B}"
EndProject
Project("{2150E333-8FDC-42A3-9474-1A3956D46DE8}") = "AsyncWork", "AsyncWork", "{27B9B16E-2E6A-40B2-85C8-CC32D215E4FB}"
EndProject
Project("{FAE04EC0-301F-11D3-BF4B-00C04F79EFBC}") = "AsyncWork", "AsyncWork\AsyncWork.csproj", "{B846C661-554D-4074-AE64-BFF4FAEC2F0E}"
EndProject
Project("{2150E333-8FDC-42A3-9474-1A3956D46DE8}") = "Solution Items", "Solution Items", "{4DB3AC1F-92A9-415C-A2A5-CB5F0317CBF0}"
	ProjectSection(SolutionItems) = preProject
		.editorconfig = .editorconfig
	EndProjectSection
EndProject
Project("{2150E333-8FDC-42A3-9474-1A3956D46DE8}") = "EventBus", "EventBus", "{EED90913-BF5B-4C93-9AAE-E9F3F11D95F7}"
EndProject
Project("{FAE04EC0-301F-11D3-BF4B-00C04F79EFBC}") = "EventBus", "EventBus\EventBus.csproj", "{0E089B27-D18B-4C9A-8289-7126B6620553}"
EndProject
Global
	GlobalSection(SolutionConfigurationPlatforms) = preSolution
		Debug|Any CPU = Debug|Any CPU
		Release|Any CPU = Release|Any CPU
	EndGlobalSection
	GlobalSection(ProjectConfigurationPlatforms) = postSolution
		{35F0018D-5757-4A47-89B5-055DCBAAA007}.Debug|Any CPU.ActiveCfg = Debug|Any CPU
		{35F0018D-5757-4A47-89B5-055DCBAAA007}.Debug|Any CPU.Build.0 = Debug|Any CPU
		{35F0018D-5757-4A47-89B5-055DCBAAA007}.Release|Any CPU.ActiveCfg = Release|Any CPU
		{35F0018D-5757-4A47-89B5-055DCBAAA007}.Release|Any CPU.Build.0 = Release|Any CPU
		{0857429F-341A-4197-A8CC-955A6B5F82B7}.Debug|Any CPU.ActiveCfg = Debug|Any CPU
		{0857429F-341A-4197-A8CC-955A6B5F82B7}.Debug|Any CPU.Build.0 = Debug|Any CPU
		{0857429F-341A-4197-A8CC-955A6B5F82B7}.Release|Any CPU.ActiveCfg = Release|Any CPU
		{0857429F-341A-4197-A8CC-955A6B5F82B7}.Release|Any CPU.Build.0 = Release|Any CPU
		{A2119D6D-CAD1-45D8-9543-B3179BC27429}.Debug|Any CPU.ActiveCfg = Debug|Any CPU
		{A2119D6D-CAD1-45D8-9543-B3179BC27429}.Debug|Any CPU.Build.0 = Debug|Any CPU
		{A2119D6D-CAD1-45D8-9543-B3179BC27429}.Release|Any CPU.ActiveCfg = Release|Any CPU
		{A2119D6D-CAD1-45D8-9543-B3179BC27429}.Release|Any CPU.Build.0 = Release|Any CPU
		{EDF264AD-F80E-4BFD-BC66-BD812387B1F6}.Debug|Any CPU.ActiveCfg = Debug|Any CPU
		{EDF264AD-F80E-4BFD-BC66-BD812387B1F6}.Debug|Any CPU.Build.0 = Debug|Any CPU
		{EDF264AD-F80E-4BFD-BC66-BD812387B1F6}.Release|Any CPU.ActiveCfg = Release|Any CPU
		{EDF264AD-F80E-4BFD-BC66-BD812387B1F6}.Release|Any CPU.Build.0 = Release|Any CPU
		{EA912963-904E-41BD-BDE6-3C1F1ABD90A9}.Debug|Any CPU.ActiveCfg = Debug|Any CPU
		{EA912963-904E-41BD-BDE6-3C1F1ABD90A9}.Debug|Any CPU.Build.0 = Debug|Any CPU
		{EA912963-904E-41BD-BDE6-3C1F1ABD90A9}.Release|Any CPU.ActiveCfg = Release|Any CPU
		{EA912963-904E-41BD-BDE6-3C1F1ABD90A9}.Release|Any CPU.Build.0 = Release|Any CPU
		{89B51929-AE4A-4841-954D-372C3485BCEE}.Debug|Any CPU.ActiveCfg = Debug|Any CPU
		{89B51929-AE4A-4841-954D-372C3485BCEE}.Debug|Any CPU.Build.0 = Debug|Any CPU
		{89B51929-AE4A-4841-954D-372C3485BCEE}.Release|Any CPU.ActiveCfg = Release|Any CPU
		{89B51929-AE4A-4841-954D-372C3485BCEE}.Release|Any CPU.Build.0 = Release|Any CPU
		{2B2BDEBB-A450-4D5E-8B7C-16E806AB053B}.Debug|Any CPU.ActiveCfg = Debug|Any CPU
		{2B2BDEBB-A450-4D5E-8B7C-16E806AB053B}.Debug|Any CPU.Build.0 = Debug|Any CPU
		{2B2BDEBB-A450-4D5E-8B7C-16E806AB053B}.Release|Any CPU.ActiveCfg = Release|Any CPU
		{2B2BDEBB-A450-4D5E-8B7C-16E806AB053B}.Release|Any CPU.Build.0 = Release|Any CPU
		{B846C661-554D-4074-AE64-BFF4FAEC2F0E}.Debug|Any CPU.ActiveCfg = Debug|Any CPU
		{B846C661-554D-4074-AE64-BFF4FAEC2F0E}.Debug|Any CPU.Build.0 = Debug|Any CPU
		{B846C661-554D-4074-AE64-BFF4FAEC2F0E}.Release|Any CPU.ActiveCfg = Release|Any CPU
		{B846C661-554D-4074-AE64-BFF4FAEC2F0E}.Release|Any CPU.Build.0 = Release|Any CPU
		{0E089B27-D18B-4C9A-8289-7126B6620553}.Debug|Any CPU.ActiveCfg = Debug|Any CPU
		{0E089B27-D18B-4C9A-8289-7126B6620553}.Debug|Any CPU.Build.0 = Debug|Any CPU
		{0E089B27-D18B-4C9A-8289-7126B6620553}.Release|Any CPU.ActiveCfg = Release|Any CPU
		{0E089B27-D18B-4C9A-8289-7126B6620553}.Release|Any CPU.Build.0 = Release|Any CPU
	EndGlobalSection
	GlobalSection(SolutionProperties) = preSolution
		HideSolutionNode = FALSE
	EndGlobalSection
	GlobalSection(NestedProjects) = preSolution
		{35F0018D-5757-4A47-89B5-055DCBAAA007} = {7270AD69-F360-4495-B3C0-DA998F531C57}
		{0857429F-341A-4197-A8CC-955A6B5F82B7} = {3AECF7C3-3C50-474A-854D-90EAE2F23617}
		{A2119D6D-CAD1-45D8-9543-B3179BC27429} = {6FBC2B60-C417-4256-B672-5627B6DBE235}
		{682CB008-39F4-43D0-9B62-D68ADB5B5428} = {752B0B30-B55B-4405-B056-C2897DBABFE9}
		{31468D44-5835-4F26-B946-25CE9678C248} = {682CB008-39F4-43D0-9B62-D68ADB5B5428}
		{EDF264AD-F80E-4BFD-BC66-BD812387B1F6} = {31468D44-5835-4F26-B946-25CE9678C248}
		{EA912963-904E-41BD-BDE6-3C1F1ABD90A9} = {31468D44-5835-4F26-B946-25CE9678C248}
		{89B51929-AE4A-4841-954D-372C3485BCEE} = {31468D44-5835-4F26-B946-25CE9678C248}
		{2B2BDEBB-A450-4D5E-8B7C-16E806AB053B} = {31468D44-5835-4F26-B946-25CE9678C248}
		{B846C661-554D-4074-AE64-BFF4FAEC2F0E} = {27B9B16E-2E6A-40B2-85C8-CC32D215E4FB}
		{0E089B27-D18B-4C9A-8289-7126B6620553} = {EED90913-BF5B-4C93-9AAE-E9F3F11D95F7}
	EndGlobalSection
	GlobalSection(ExtensibilityGlobals) = postSolution
		SolutionGuid = {BEF2BF02-445D-472C-974F-71E483AE1FA3}
	EndGlobalSection
EndGlobal
