
Microsoft Visual Studio Solution File, Format Version 12.00
# Visual Studio Version 16
VisualStudioVersion = 16.0.30330.147
MinimumVisualStudioVersion = 10.0.40219.1
Project("{FAE04EC0-301F-11D3-BF4B-00C04F79EFBC}") = "Factory", "Factory\Factory.csproj", "{6E5518F2-88DD-4F59-A1F7-3E2F035245E8}"
EndProject
Project("{FAE04EC0-301F-11D3-BF4B-00C04F79EFBC}") = "Test", "Test\Test.csproj", "{B193498B-43CD-4AF6-917F-5FB0941EA80C}"
EndProject
Project("{FAE04EC0-301F-11D3-BF4B-00C04F79EFBC}") = "FactoryMethod", "FactoryMethod\FactoryMethod.csproj", "{3B80CA78-A68C-401A-BF0B-0C2583040FF5}"
EndProject
Project("{FAE04EC0-301F-11D3-BF4B-00C04F79EFBC}") = "AbstractFactory", "AbstractFactory\AbstractFactory.csproj", "{42A22F2F-43F4-4AC5-BD2E-AB0977C759C5}"
EndProject
Global
	GlobalSection(SolutionConfigurationPlatforms) = preSolution
		Debug|Any CPU = Debug|Any CPU
		Release|Any CPU = Release|Any CPU
	EndGlobalSection
	GlobalSection(ProjectConfigurationPlatforms) = postSolution
		{6E5518F2-88DD-4F59-A1F7-3E2F035245E8}.Debug|Any CPU.ActiveCfg = Debug|Any CPU
		{6E5518F2-88DD-4F59-A1F7-3E2F035245E8}.Debug|Any CPU.Build.0 = Debug|Any CPU
		{6E5518F2-88DD-4F59-A1F7-3E2F035245E8}.Release|Any CPU.ActiveCfg = Release|Any CPU
		{6E5518F2-88DD-4F59-A1F7-3E2F035245E8}.Release|Any CPU.Build.0 = Release|Any CPU
		{B193498B-43CD-4AF6-917F-5FB0941EA80C}.Debug|Any CPU.ActiveCfg = Debug|Any CPU
		{B193498B-43CD-4AF6-917F-5FB0941EA80C}.Debug|Any CPU.Build.0 = Debug|Any CPU
		{B193498B-43CD-4AF6-917F-5FB0941EA80C}.Release|Any CPU.ActiveCfg = Release|Any CPU
		{B193498B-43CD-4AF6-917F-5FB0941EA80C}.Release|Any CPU.Build.0 = Release|Any CPU
		{3B80CA78-A68C-401A-BF0B-0C2583040FF5}.Debug|Any CPU.ActiveCfg = Debug|Any CPU
		{3B80CA78-A68C-401A-BF0B-0C2583040FF5}.Debug|Any CPU.Build.0 = Debug|Any CPU
		{3B80CA78-A68C-401A-BF0B-0C2583040FF5}.Release|Any CPU.ActiveCfg = Release|Any CPU
		{3B80CA78-A68C-401A-BF0B-0C2583040FF5}.Release|Any CPU.Build.0 = Release|Any CPU
		{42A22F2F-43F4-4AC5-BD2E-AB0977C759C5}.Debug|Any CPU.ActiveCfg = Debug|Any CPU
		{42A22F2F-43F4-4AC5-BD2E-AB0977C759C5}.Debug|Any CPU.Build.0 = Debug|Any CPU
		{42A22F2F-43F4-4AC5-BD2E-AB0977C759C5}.Release|Any CPU.ActiveCfg = Release|Any CPU
		{42A22F2F-43F4-4AC5-BD2E-AB0977C759C5}.Release|Any CPU.Build.0 = Release|Any CPU
	EndGlobalSection
	GlobalSection(SolutionProperties) = preSolution
		HideSolutionNode = FALSE
	EndGlobalSection
	GlobalSection(ExtensibilityGlobals) = postSolution
		SolutionGuid = {1E745B37-1DAC-491E-9B41-07FD99718452}
	EndGlobalSection
EndGlobal
